
Microsoft Visual Studio Solution File, Format Version 12.00
# Visual Studio 15
VisualStudioVersion = 15.0.28010.2026
MinimumVisualStudioVersion = 10.0.40219.1
Project("{FAE04EC0-301F-11D3-BF4B-00C04F79EFBC}") = "Project1", "Project1\Project1.csproj", "{885538FF-5A94-44F1-8155-741C549FAABA}"
EndProject
Global
	GlobalSection(SolutionConfigurationPlatforms) = preSolution
		Debug|Any CPU = Debug|Any CPU
		Release|Any CPU = Release|Any CPU
	EndGlobalSection
	GlobalSection(ProjectConfigurationPlatforms) = postSolution
		{885538FF-5A94-44F1-8155-741C549FAABA}.Debug|Any CPU.ActiveCfg = Debug|Any CPU
		{885538FF-5A94-44F1-8155-741C549FAABA}.Debug|Any CPU.Build.0 = Debug|Any CPU
		{885538FF-5A94-44F1-8155-741C549FAABA}.Release|Any CPU.ActiveCfg = Release|Any CPU
		{885538FF-5A94-44F1-8155-741C549FAABA}.Release|Any CPU.Build.0 = Release|Any CPU
	EndGlobalSection
	GlobalSection(SolutionProperties) = preSolution
		HideSolutionNode = FALSE
	EndGlobalSection
	GlobalSection(ExtensibilityGlobals) = postSolution
		SolutionGuid = {2C6DDAA4-88F1-4CE1-8A2D-4B65AB102ABB}
	EndGlobalSection
EndGlobal
